
Microsoft Visual Studio Solution File, Format Version 12.00
# Visual Studio 14
VisualStudioVersion = 14.0.23107.0
MinimumVisualStudioVersion = 10.0.40219.1
Project("{FAE04EC0-301F-11D3-BF4B-00C04F79EFBC}") = "LinkedLists", "LinkedLists\LinkedLists.csproj", "{BA933822-53E2-488C-B242-8B9490F0E4E8}"
EndProject
Project("{FAE04EC0-301F-11D3-BF4B-00C04F79EFBC}") = "LinkedList.Test", "LinkedList.Test\LinkedList.Test.csproj", "{051E9505-1039-4BEB-B63C-95DC7050E97D}"
EndProject
Global
	GlobalSection(SolutionConfigurationPlatforms) = preSolution
		Debug|Any CPU = Debug|Any CPU
		Release|Any CPU = Release|Any CPU
	EndGlobalSection
	GlobalSection(ProjectConfigurationPlatforms) = postSolution
		{BA933822-53E2-488C-B242-8B9490F0E4E8}.Debug|Any CPU.ActiveCfg = Debug|Any CPU
		{BA933822-53E2-488C-B242-8B9490F0E4E8}.Debug|Any CPU.Build.0 = Debug|Any CPU
		{BA933822-53E2-488C-B242-8B9490F0E4E8}.Release|Any CPU.ActiveCfg = Release|Any CPU
		{BA933822-53E2-488C-B242-8B9490F0E4E8}.Release|Any CPU.Build.0 = Release|Any CPU
		{051E9505-1039-4BEB-B63C-95DC7050E97D}.Debug|Any CPU.ActiveCfg = Debug|Any CPU
		{051E9505-1039-4BEB-B63C-95DC7050E97D}.Debug|Any CPU.Build.0 = Debug|Any CPU
		{051E9505-1039-4BEB-B63C-95DC7050E97D}.Release|Any CPU.ActiveCfg = Release|Any CPU
		{051E9505-1039-4BEB-B63C-95DC7050E97D}.Release|Any CPU.Build.0 = Release|Any CPU
	EndGlobalSection
	GlobalSection(SolutionProperties) = preSolution
		HideSolutionNode = FALSE
	EndGlobalSection
EndGlobal
